
Microsoft Visual Studio Solution File, Format Version 12.00
# Visual Studio 15
Project("{FAE04EC0-301F-11D3-BF4B-00C04F79EFBC}") = "Towerscape-AI", "Assembly-CSharp.csproj", "{53DC8887-87BE-7165-2B09-FCB33211F18A}"
EndProject
Global
	GlobalSection(SolutionConfigurationPlatforms) = preSolution
		Debug|Any CPU = Debug|Any CPU
		Release|Any CPU = Release|Any CPU
	EndGlobalSection
	GlobalSection(ProjectConfigurationPlatforms) = postSolution
		{53DC8887-87BE-7165-2B09-FCB33211F18A}.Debug|Any CPU.ActiveCfg = Debug|Any CPU
		{53DC8887-87BE-7165-2B09-FCB33211F18A}.Debug|Any CPU.Build.0 = Debug|Any CPU
		{53DC8887-87BE-7165-2B09-FCB33211F18A}.Release|Any CPU.ActiveCfg = Release|Any CPU
		{53DC8887-87BE-7165-2B09-FCB33211F18A}.Release|Any CPU.Build.0 = Release|Any CPU
	EndGlobalSection
	GlobalSection(SolutionProperties) = preSolution
		HideSolutionNode = FALSE
	EndGlobalSection
EndGlobal
